github.com/gorilla/mux v1.7.3 h1:gnP5JzjVOuiZD07fKKToCAOjS0yOpj/qPETTXCCS6hw=
github.com/gorilla/mux v1.7.3/go.mod h1:1lud6UwP+6orDFRuTfBEV8e9/aOM/c4fVVCaMa2zaAs=
github.com/thedevsaddam/govalidator v1.9.8 h1:FKOYRbL5oYnKRTslHDXPVoa0uvQ5mWvxSMSBh4kE4Xs=
github.com/thedevsaddam/govalidator v1.9.8/go.mod h1:Ilx8u7cg5g3LXbSS943cx5kczyNuUn7LH/cK5MYuE90=
